
Microsoft Visual Studio Solution File, Format Version 12.00
# Visual Studio 15
VisualStudioVersion = 15.0.28307.168
MinimumVisualStudioVersion = 10.0.40219.1
Project("{9A19103F-16F7-4668-BE54-9A1E7A4F7556}") = "Behavioral.Command", "Behavioral.Command\Behavioral.Command.csproj", "{E70C7D34-1ED2-48F2-8C79-D3C41BF812F7}"
EndProject
Project("{9A19103F-16F7-4668-BE54-9A1E7A4F7556}") = "Behavioral.Strategy", "Behavioral.Strategy\Behavioral.Strategy.csproj", "{019A2E4A-76B7-4686-BFFD-40C0930D2D68}"
EndProject
Project("{9A19103F-16F7-4668-BE54-9A1E7A4F7556}") = "Behavioral.Template", "Behavioral.Template\Behavioral.Template.csproj", "{2027C007-83BC-4B63-A255-6122EDA8F053}"
EndProject
Project("{9A19103F-16F7-4668-BE54-9A1E7A4F7556}") = "Creational.Factory", "Creational.Factory\Creational.Factory.csproj", "{53527E47-FAF3-47F7-A9A6-C8B40A7C4431}"
EndProject
Project("{9A19103F-16F7-4668-BE54-9A1E7A4F7556}") = "Structural.Facade", "Structural.Facade\Structural.Facade.csproj", "{63CBC02A-255E-45F0-BAF7-DAA94DC0F9E9}"
EndProject
Project("{9A19103F-16F7-4668-BE54-9A1E7A4F7556}") = "Model-View-Controller", "Model-View-Controller\Model-View-Controller.csproj", "{F8246337-F8E3-4409-91CC-1B277709F2D9}"
EndProject
Project("{9A19103F-16F7-4668-BE54-9A1E7A4F7556}") = "Creational.AbstractFactory", "Creational.AbstractFactory\Creational.AbstractFactory.csproj", "{E1AD1501-8597-42B3-B4B8-1E8B8EF5C9E5}"
EndProject
Project("{9A19103F-16F7-4668-BE54-9A1E7A4F7556}") = "Structural.Composite", "Structural.Composite\Structural.Composite.csproj", "{89193003-2369-4658-9D94-BBBB9BEA5BDD}"
EndProject
Project("{9A19103F-16F7-4668-BE54-9A1E7A4F7556}") = "Behavioral.ChainOfResponsibility", "Behavioral.ChainOfResponsibility\Behavioral.ChainOfResponsibility.csproj", "{5A22D1CD-875F-47BC-A550-A9AC6A6F1394}"
EndProject
Project("{9A19103F-16F7-4668-BE54-9A1E7A4F7556}") = "Behavioral.Interpreter", "Behavioral.Interpreter\Behavioral.Interpreter.csproj", "{4EF8CE55-C226-4890-AD74-511B676A9F24}"
EndProject
Project("{9A19103F-16F7-4668-BE54-9A1E7A4F7556}") = "Behavioral.Iterator", "Behavioral.Iterator\Behavioral.Iterator.csproj", "{DA1D5545-A08E-4060-B591-2957EC886C9F}"
EndProject
Project("{9A19103F-16F7-4668-BE54-9A1E7A4F7556}") = "Behavioral.Observer", "Behavioral.Observer\Behavioral.Observer.csproj", "{09D5A1C6-CEA1-4CA9-A28C-6E202709A68C}"
EndProject
Project("{9A19103F-16F7-4668-BE54-9A1E7A4F7556}") = "Behavioral.Mediator", "Behavioral.Mediator\Behavioral.Mediator.csproj", "{19C422EA-599F-4FF4-8F30-C13731A64356}"
EndProject
Project("{9A19103F-16F7-4668-BE54-9A1E7A4F7556}") = "Behavioral.Memento", "Behavioral.Memento\Behavioral.Memento.csproj", "{11C67F3E-8777-41AA-8FCA-2DCE28C51B63}"
EndProject
Project("{9A19103F-16F7-4668-BE54-9A1E7A4F7556}") = "Publish-Subscribe", "Publish-Subscribe\Publish-Subscribe.csproj", "{253819A7-4C0D-4CDF-8561-68B6F3E10D0A}"
EndProject
Project("{9A19103F-16F7-4668-BE54-9A1E7A4F7556}") = "Behavioral.Visitor", "Behavioral.Visitor\Behavioral.Visitor.csproj", "{B0CFFBFE-8A82-4806-9AE0-0DD049C5E938}"
EndProject
Project("{9A19103F-16F7-4668-BE54-9A1E7A4F7556}") = "Creational.Builder", "Creational.Builder\Creational.Builder.csproj", "{C7AF23D0-5F51-4E61-8DDF-0593EB56A7E4}"
EndProject
Project("{FAE04EC0-301F-11D3-BF4B-00C04F79EFBC}") = "Creational.Prototype", "Creational.Prototype\Creational.Prototype.csproj", "{A7E12BC7-2891-480D-9FC1-5647FF1ECBF7}"
EndProject
Global
	GlobalSection(SolutionConfigurationPlatforms) = preSolution
		Debug|Any CPU = Debug|Any CPU
		Release|Any CPU = Release|Any CPU
	EndGlobalSection
	GlobalSection(ProjectConfigurationPlatforms) = postSolution
		{E70C7D34-1ED2-48F2-8C79-D3C41BF812F7}.Debug|Any CPU.ActiveCfg = Debug|Any CPU
		{E70C7D34-1ED2-48F2-8C79-D3C41BF812F7}.Debug|Any CPU.Build.0 = Debug|Any CPU
		{E70C7D34-1ED2-48F2-8C79-D3C41BF812F7}.Release|Any CPU.ActiveCfg = Release|Any CPU
		{E70C7D34-1ED2-48F2-8C79-D3C41BF812F7}.Release|Any CPU.Build.0 = Release|Any CPU
		{019A2E4A-76B7-4686-BFFD-40C0930D2D68}.Debug|Any CPU.ActiveCfg = Debug|Any CPU
		{019A2E4A-76B7-4686-BFFD-40C0930D2D68}.Debug|Any CPU.Build.0 = Debug|Any CPU
		{019A2E4A-76B7-4686-BFFD-40C0930D2D68}.Release|Any CPU.ActiveCfg = Release|Any CPU
		{019A2E4A-76B7-4686-BFFD-40C0930D2D68}.Release|Any CPU.Build.0 = Release|Any CPU
		{2027C007-83BC-4B63-A255-6122EDA8F053}.Debug|Any CPU.ActiveCfg = Debug|Any CPU
		{2027C007-83BC-4B63-A255-6122EDA8F053}.Debug|Any CPU.Build.0 = Debug|Any CPU
		{2027C007-83BC-4B63-A255-6122EDA8F053}.Release|Any CPU.ActiveCfg = Release|Any CPU
		{2027C007-83BC-4B63-A255-6122EDA8F053}.Release|Any CPU.Build.0 = Release|Any CPU
		{53527E47-FAF3-47F7-A9A6-C8B40A7C4431}.Debug|Any CPU.ActiveCfg = Debug|Any CPU
		{53527E47-FAF3-47F7-A9A6-C8B40A7C4431}.Debug|Any CPU.Build.0 = Debug|Any CPU
		{53527E47-FAF3-47F7-A9A6-C8B40A7C4431}.Release|Any CPU.ActiveCfg = Release|Any CPU
		{53527E47-FAF3-47F7-A9A6-C8B40A7C4431}.Release|Any CPU.Build.0 = Release|Any CPU
		{63CBC02A-255E-45F0-BAF7-DAA94DC0F9E9}.Debug|Any CPU.ActiveCfg = Debug|Any CPU
		{63CBC02A-255E-45F0-BAF7-DAA94DC0F9E9}.Debug|Any CPU.Build.0 = Debug|Any CPU
		{63CBC02A-255E-45F0-BAF7-DAA94DC0F9E9}.Release|Any CPU.ActiveCfg = Release|Any CPU
		{63CBC02A-255E-45F0-BAF7-DAA94DC0F9E9}.Release|Any CPU.Build.0 = Release|Any CPU
		{F8246337-F8E3-4409-91CC-1B277709F2D9}.Debug|Any CPU.ActiveCfg = Debug|Any CPU
		{F8246337-F8E3-4409-91CC-1B277709F2D9}.Debug|Any CPU.Build.0 = Debug|Any CPU
		{F8246337-F8E3-4409-91CC-1B277709F2D9}.Release|Any CPU.ActiveCfg = Release|Any CPU
		{F8246337-F8E3-4409-91CC-1B277709F2D9}.Release|Any CPU.Build.0 = Release|Any CPU
		{E1AD1501-8597-42B3-B4B8-1E8B8EF5C9E5}.Debug|Any CPU.ActiveCfg = Debug|Any CPU
		{E1AD1501-8597-42B3-B4B8-1E8B8EF5C9E5}.Debug|Any CPU.Build.0 = Debug|Any CPU
		{E1AD1501-8597-42B3-B4B8-1E8B8EF5C9E5}.Release|Any CPU.ActiveCfg = Release|Any CPU
		{E1AD1501-8597-42B3-B4B8-1E8B8EF5C9E5}.Release|Any CPU.Build.0 = Release|Any CPU
		{89193003-2369-4658-9D94-BBBB9BEA5BDD}.Debug|Any CPU.ActiveCfg = Debug|Any CPU
		{89193003-2369-4658-9D94-BBBB9BEA5BDD}.Debug|Any CPU.Build.0 = Debug|Any CPU
		{89193003-2369-4658-9D94-BBBB9BEA5BDD}.Release|Any CPU.ActiveCfg = Release|Any CPU
		{89193003-2369-4658-9D94-BBBB9BEA5BDD}.Release|Any CPU.Build.0 = Release|Any CPU
		{5A22D1CD-875F-47BC-A550-A9AC6A6F1394}.Debug|Any CPU.ActiveCfg = Debug|Any CPU
		{5A22D1CD-875F-47BC-A550-A9AC6A6F1394}.Debug|Any CPU.Build.0 = Debug|Any CPU
		{5A22D1CD-875F-47BC-A550-A9AC6A6F1394}.Release|Any CPU.ActiveCfg = Release|Any CPU
		{5A22D1CD-875F-47BC-A550-A9AC6A6F1394}.Release|Any CPU.Build.0 = Release|Any CPU
		{4EF8CE55-C226-4890-AD74-511B676A9F24}.Debug|Any CPU.ActiveCfg = Debug|Any CPU
		{4EF8CE55-C226-4890-AD74-511B676A9F24}.Debug|Any CPU.Build.0 = Debug|Any CPU
		{4EF8CE55-C226-4890-AD74-511B676A9F24}.Release|Any CPU.ActiveCfg = Release|Any CPU
		{4EF8CE55-C226-4890-AD74-511B676A9F24}.Release|Any CPU.Build.0 = Release|Any CPU
		{DA1D5545-A08E-4060-B591-2957EC886C9F}.Debug|Any CPU.ActiveCfg = Debug|Any CPU
		{DA1D5545-A08E-4060-B591-2957EC886C9F}.Debug|Any CPU.Build.0 = Debug|Any CPU
		{DA1D5545-A08E-4060-B591-2957EC886C9F}.Release|Any CPU.ActiveCfg = Release|Any CPU
		{DA1D5545-A08E-4060-B591-2957EC886C9F}.Release|Any CPU.Build.0 = Release|Any CPU
		{09D5A1C6-CEA1-4CA9-A28C-6E202709A68C}.Debug|Any CPU.ActiveCfg = Debug|Any CPU
		{09D5A1C6-CEA1-4CA9-A28C-6E202709A68C}.Debug|Any CPU.Build.0 = Debug|Any CPU
		{09D5A1C6-CEA1-4CA9-A28C-6E202709A68C}.Release|Any CPU.ActiveCfg = Release|Any CPU
		{09D5A1C6-CEA1-4CA9-A28C-6E202709A68C}.Release|Any CPU.Build.0 = Release|Any CPU
		{19C422EA-599F-4FF4-8F30-C13731A64356}.Debug|Any CPU.ActiveCfg = Debug|Any CPU
		{19C422EA-599F-4FF4-8F30-C13731A64356}.Debug|Any CPU.Build.0 = Debug|Any CPU
		{19C422EA-599F-4FF4-8F30-C13731A64356}.Release|Any CPU.ActiveCfg = Release|Any CPU
		{19C422EA-599F-4FF4-8F30-C13731A64356}.Release|Any CPU.Build.0 = Release|Any CPU
		{11C67F3E-8777-41AA-8FCA-2DCE28C51B63}.Debug|Any CPU.ActiveCfg = Debug|Any CPU
		{11C67F3E-8777-41AA-8FCA-2DCE28C51B63}.Debug|Any CPU.Build.0 = Debug|Any CPU
		{11C67F3E-8777-41AA-8FCA-2DCE28C51B63}.Release|Any CPU.ActiveCfg = Release|Any CPU
		{11C67F3E-8777-41AA-8FCA-2DCE28C51B63}.Release|Any CPU.Build.0 = Release|Any CPU
		{253819A7-4C0D-4CDF-8561-68B6F3E10D0A}.Debug|Any CPU.ActiveCfg = Debug|Any CPU
		{253819A7-4C0D-4CDF-8561-68B6F3E10D0A}.Debug|Any CPU.Build.0 = Debug|Any CPU
		{253819A7-4C0D-4CDF-8561-68B6F3E10D0A}.Release|Any CPU.ActiveCfg = Release|Any CPU
		{253819A7-4C0D-4CDF-8561-68B6F3E10D0A}.Release|Any CPU.Build.0 = Release|Any CPU
		{B0CFFBFE-8A82-4806-9AE0-0DD049C5E938}.Debug|Any CPU.ActiveCfg = Debug|Any CPU
		{B0CFFBFE-8A82-4806-9AE0-0DD049C5E938}.Debug|Any CPU.Build.0 = Debug|Any CPU
		{B0CFFBFE-8A82-4806-9AE0-0DD049C5E938}.Release|Any CPU.ActiveCfg = Release|Any CPU
		{B0CFFBFE-8A82-4806-9AE0-0DD049C5E938}.Release|Any CPU.Build.0 = Release|Any CPU
		{C7AF23D0-5F51-4E61-8DDF-0593EB56A7E4}.Debug|Any CPU.ActiveCfg = Debug|Any CPU
		{C7AF23D0-5F51-4E61-8DDF-0593EB56A7E4}.Debug|Any CPU.Build.0 = Debug|Any CPU
		{C7AF23D0-5F51-4E61-8DDF-0593EB56A7E4}.Release|Any CPU.ActiveCfg = Release|Any CPU
		{C7AF23D0-5F51-4E61-8DDF-0593EB56A7E4}.Release|Any CPU.Build.0 = Release|Any CPU
		{A7E12BC7-2891-480D-9FC1-5647FF1ECBF7}.Debug|Any CPU.ActiveCfg = Debug|Any CPU
		{A7E12BC7-2891-480D-9FC1-5647FF1ECBF7}.Debug|Any CPU.Build.0 = Debug|Any CPU
		{A7E12BC7-2891-480D-9FC1-5647FF1ECBF7}.Release|Any CPU.ActiveCfg = Release|Any CPU
		{A7E12BC7-2891-480D-9FC1-5647FF1ECBF7}.Release|Any CPU.Build.0 = Release|Any CPU
	EndGlobalSection
	GlobalSection(SolutionProperties) = preSolution
		HideSolutionNode = FALSE
	EndGlobalSection
	GlobalSection(ExtensibilityGlobals) = postSolution
		SolutionGuid = {C5EB8FDC-8D60-4B3A-8830-D4A8CA3D56D6}
	EndGlobalSection
EndGlobal
